{
  "version": 1,
  "dependencies": {
    "net10.0": {
      "System.CommandLine": {
        "type": "Direct",
        "requested": "[2.0.2, )",
        "resolved": "2.0.2",
        "contentHash": "zqn6I1IULEJaLEFKejeSFlZrf8HzIUU4qEjuYtEVRx5AsxKMLqLP+t0dQ4fk51A5CzT9Uv8wBLdMHSIYIrCKBw=="
      }
    }
  }
}